
Microsoft Visual Studio Solution File, Format Version 12.00
# Visual Studio 15
VisualStudioVersion = 15.0.27130.2036
MinimumVisualStudioVersion = 10.0.40219.1
Project("{9A19103F-16F7-4668-BE54-9A1E7A4F7556}") = "ShipServiceManagement.Logic", "ShipServiceManagement.BL\ShipServiceManagement.Logic.csproj", "{3843B707-435D-4C0E-A498-EA015AB13CEF}"
EndProject
Project("{9A19103F-16F7-4668-BE54-9A1E7A4F7556}") = "ShipServiceManagement.Persistence", "ShipServiceManagement.Persistence\ShipServiceManagement.Persistence.csproj", "{1A4F48A2-FB36-430B-9C9C-85599688700D}"
EndProject
Project("{9A19103F-16F7-4668-BE54-9A1E7A4F7556}") = "ShipServiceManagement.Models", "ShipServiceManagement.Models\ShipServiceManagement.Models.csproj", "{202656D3-7431-45A2-B2C3-20E32A4B1496}"
EndProject
Project("{9A19103F-16F7-4668-BE54-9A1E7A4F7556}") = "ShipServiceManagement.Messaging", "ShipServiceManagement.Messaging\ShipServiceManagement.Messaging.csproj", "{6DDA6A38-BCC5-43C3-8BC8-456C8F58C734}"
EndProject
Project("{FAE04EC0-301F-11D3-BF4B-00C04F79EFBC}") = "ShipServiceManagement.App", "ShipServiceManagement.App\ShipServiceManagement.App.csproj", "{9DDF49D8-EDBE-491C-AAF5-96C104FEEB3B}"
EndProject
Global
	GlobalSection(SolutionConfigurationPlatforms) = preSolution
		Debug|Any CPU = Debug|Any CPU
		Release|Any CPU = Release|Any CPU
	EndGlobalSection
	GlobalSection(ProjectConfigurationPlatforms) = postSolution
		{3843B707-435D-4C0E-A498-EA015AB13CEF}.Debug|Any CPU.ActiveCfg = Debug|Any CPU
		{3843B707-435D-4C0E-A498-EA015AB13CEF}.Debug|Any CPU.Build.0 = Debug|Any CPU
		{3843B707-435D-4C0E-A498-EA015AB13CEF}.Release|Any CPU.ActiveCfg = Release|Any CPU
		{3843B707-435D-4C0E-A498-EA015AB13CEF}.Release|Any CPU.Build.0 = Release|Any CPU
		{1A4F48A2-FB36-430B-9C9C-85599688700D}.Debug|Any CPU.ActiveCfg = Debug|Any CPU
		{1A4F48A2-FB36-430B-9C9C-85599688700D}.Debug|Any CPU.Build.0 = Debug|Any CPU
		{1A4F48A2-FB36-430B-9C9C-85599688700D}.Release|Any CPU.ActiveCfg = Release|Any CPU
		{1A4F48A2-FB36-430B-9C9C-85599688700D}.Release|Any CPU.Build.0 = Release|Any CPU
		{202656D3-7431-45A2-B2C3-20E32A4B1496}.Debug|Any CPU.ActiveCfg = Debug|Any CPU
		{202656D3-7431-45A2-B2C3-20E32A4B1496}.Debug|Any CPU.Build.0 = Debug|Any CPU
		{202656D3-7431-45A2-B2C3-20E32A4B1496}.Release|Any CPU.ActiveCfg = Release|Any CPU
		{202656D3-7431-45A2-B2C3-20E32A4B1496}.Release|Any CPU.Build.0 = Release|Any CPU
		{6DDA6A38-BCC5-43C3-8BC8-456C8F58C734}.Debug|Any CPU.ActiveCfg = Debug|Any CPU
		{6DDA6A38-BCC5-43C3-8BC8-456C8F58C734}.Debug|Any CPU.Build.0 = Debug|Any CPU
		{6DDA6A38-BCC5-43C3-8BC8-456C8F58C734}.Release|Any CPU.ActiveCfg = Release|Any CPU
		{6DDA6A38-BCC5-43C3-8BC8-456C8F58C734}.Release|Any CPU.Build.0 = Release|Any CPU
		{9DDF49D8-EDBE-491C-AAF5-96C104FEEB3B}.Debug|Any CPU.ActiveCfg = Debug|Any CPU
		{9DDF49D8-EDBE-491C-AAF5-96C104FEEB3B}.Debug|Any CPU.Build.0 = Debug|Any CPU
		{9DDF49D8-EDBE-491C-AAF5-96C104FEEB3B}.Release|Any CPU.ActiveCfg = Release|Any CPU
		{9DDF49D8-EDBE-491C-AAF5-96C104FEEB3B}.Release|Any CPU.Build.0 = Release|Any CPU
	EndGlobalSection
	GlobalSection(SolutionProperties) = preSolution
		HideSolutionNode = FALSE
	EndGlobalSection
	GlobalSection(ExtensibilityGlobals) = postSolution
		SolutionGuid = {8833B405-6AB6-4C02-9218-FD62B922FD75}
	EndGlobalSection
EndGlobal
