
Microsoft Visual Studio Solution File, Format Version 12.00
# Visual Studio 15
VisualStudioVersion = 15.0.27130.2036
MinimumVisualStudioVersion = 10.0.40219.1
Project("{9A19103F-16F7-4668-BE54-9A1E7A4F7556}") = "ShipServiceManagement.Persistence", "ShipServiceManagement.Persistence\ShipServiceManagement.Persistence.csproj", "{1A4F48A2-FB36-430B-9C9C-85599688700D}"
EndProject
Project("{9A19103F-16F7-4668-BE54-9A1E7A4F7556}") = "ShipServiceManagement.Models", "ShipServiceManagement.Models\ShipServiceManagement.Models.csproj", "{202656D3-7431-45A2-B2C3-20E32A4B1496}"
EndProject
Project("{9A19103F-16F7-4668-BE54-9A1E7A4F7556}") = "ShipServiceManagement.Messaging", "ShipServiceManagement.Messaging\ShipServiceManagement.Messaging.csproj", "{6DDA6A38-BCC5-43C3-8BC8-456C8F58C734}"
EndProject
Project("{9A19103F-16F7-4668-BE54-9A1E7A4F7556}") = "ShipServiceManagement.App", "ShipServiceManagement.App\ShipServiceManagement.App.csproj", "{9DDF49D8-EDBE-491C-AAF5-96C104FEEB3B}"
EndProject
Project("{2150E333-8FDC-42A3-9474-1A3956D46DE8}") = "Solution Items", "Solution Items", "{C0D8D9A7-D064-48DF-80B4-A5EFCFDC0280}"
	ProjectSection(SolutionItems) = preProject
		.travis.yml = .travis.yml
		Dockerfile = Dockerfile
	EndProjectSection
EndProject
Project("{9A19103F-16F7-4668-BE54-9A1E7A4F7556}") = "ShipServiceManagement.Logic", "ShipServiceManagement.Logic\ShipServiceManagement.Logic.csproj", "{122C53A3-9A2B-4FE9-B6B2-4934E47F95DC}"
EndProject
Global
	GlobalSection(SolutionConfigurationPlatforms) = preSolution
		Debug|Any CPU = Debug|Any CPU
		Release|Any CPU = Release|Any CPU
	EndGlobalSection
	GlobalSection(ProjectConfigurationPlatforms) = postSolution
		{1A4F48A2-FB36-430B-9C9C-85599688700D}.Debug|Any CPU.ActiveCfg = Debug|Any CPU
		{1A4F48A2-FB36-430B-9C9C-85599688700D}.Debug|Any CPU.Build.0 = Debug|Any CPU
		{1A4F48A2-FB36-430B-9C9C-85599688700D}.Release|Any CPU.ActiveCfg = Release|Any CPU
		{1A4F48A2-FB36-430B-9C9C-85599688700D}.Release|Any CPU.Build.0 = Release|Any CPU
		{202656D3-7431-45A2-B2C3-20E32A4B1496}.Debug|Any CPU.ActiveCfg = Debug|Any CPU
		{202656D3-7431-45A2-B2C3-20E32A4B1496}.Debug|Any CPU.Build.0 = Debug|Any CPU
		{202656D3-7431-45A2-B2C3-20E32A4B1496}.Release|Any CPU.ActiveCfg = Release|Any CPU
		{202656D3-7431-45A2-B2C3-20E32A4B1496}.Release|Any CPU.Build.0 = Release|Any CPU
		{6DDA6A38-BCC5-43C3-8BC8-456C8F58C734}.Debug|Any CPU.ActiveCfg = Debug|Any CPU
		{6DDA6A38-BCC5-43C3-8BC8-456C8F58C734}.Debug|Any CPU.Build.0 = Debug|Any CPU
		{6DDA6A38-BCC5-43C3-8BC8-456C8F58C734}.Release|Any CPU.ActiveCfg = Release|Any CPU
		{6DDA6A38-BCC5-43C3-8BC8-456C8F58C734}.Release|Any CPU.Build.0 = Release|Any CPU
		{9DDF49D8-EDBE-491C-AAF5-96C104FEEB3B}.Debug|Any CPU.ActiveCfg = Debug|Any CPU
		{9DDF49D8-EDBE-491C-AAF5-96C104FEEB3B}.Debug|Any CPU.Build.0 = Debug|Any CPU
		{9DDF49D8-EDBE-491C-AAF5-96C104FEEB3B}.Release|Any CPU.ActiveCfg = Release|Any CPU
		{9DDF49D8-EDBE-491C-AAF5-96C104FEEB3B}.Release|Any CPU.Build.0 = Release|Any CPU
		{122C53A3-9A2B-4FE9-B6B2-4934E47F95DC}.Debug|Any CPU.ActiveCfg = Debug|Any CPU
		{122C53A3-9A2B-4FE9-B6B2-4934E47F95DC}.Debug|Any CPU.Build.0 = Debug|Any CPU
		{122C53A3-9A2B-4FE9-B6B2-4934E47F95DC}.Release|Any CPU.ActiveCfg = Release|Any CPU
		{122C53A3-9A2B-4FE9-B6B2-4934E47F95DC}.Release|Any CPU.Build.0 = Release|Any CPU
	EndGlobalSection
	GlobalSection(SolutionProperties) = preSolution
		HideSolutionNode = FALSE
	EndGlobalSection
	GlobalSection(ExtensibilityGlobals) = postSolution
		SolutionGuid = {8833B405-6AB6-4C02-9218-FD62B922FD75}
	EndGlobalSection
EndGlobal
